
Microsoft Visual Studio Solution File, Format Version 12.00
# Visual Studio Version 17
VisualStudioVersion = 17.7.34221.43
MinimumVisualStudioVersion = 10.0.40219.1
Project("{FAE04EC0-301F-11D3-BF4B-00C04F79EFBC}") = "LethalSDK", "LethalSDK\LethalSDK.csproj", "{4D234A4D-C807-438A-B717-4C6D77706054}"
EndProject
Global
	GlobalSection(SolutionConfigurationPlatforms) = preSolution
		Debug|Any CPU = Debug|Any CPU
		Release|Any CPU = Release|Any CPU
	EndGlobalSection
	GlobalSection(ProjectConfigurationPlatforms) = postSolution
		{4D234A4D-C807-438A-B717-4C6D77706054}.Debug|Any CPU.ActiveCfg = Debug|Any CPU
		{4D234A4D-C807-438A-B717-4C6D77706054}.Debug|Any CPU.Build.0 = Debug|Any CPU
		{4D234A4D-C807-438A-B717-4C6D77706054}.Release|Any CPU.ActiveCfg = Release|Any CPU
		{4D234A4D-C807-438A-B717-4C6D77706054}.Release|Any CPU.Build.0 = Release|Any CPU
	EndGlobalSection
	GlobalSection(SolutionProperties) = preSolution
		HideSolutionNode = FALSE
	EndGlobalSection
	GlobalSection(ExtensibilityGlobals) = postSolution
		SolutionGuid = {3DD0A490-DDE6-4C03-B210-4A2FC4099360}
	EndGlobalSection
EndGlobal
